{
  "name": "json-importer-layout",
  "version": "1.0.0",
  "lockfileVersion": 1,
  "requires": true,
  "dependencies": {
    "elkjs": {
      "version": "0.7.1",
      "resolved": "https://registry.npmjs.org/elkjs/-/elkjs-0.7.1.tgz",
      "integrity": "sha512-lD86RWdh480/UuRoHhRcnv2IMkIcK6yMDEuT8TPBIbO3db4HfnVF+1lgYdQi99Ck0yb+lg5Eb46JCHI5uOsmAw=="
    },
    "lodash": {
      "version": "4.17.21",
      "resolved": "https://registry.npmjs.org/lodash/-/lodash-4.17.21.tgz",
      "integrity": "sha512-v2kDEe57lecTulaDIuNTPy3Ry4gLGJ6Z1O3vE1krgXZNrsQ+LFTGHVxVjcXPs17LhbZVGedAJv8XZ1tvj5FvSg=="
    }
  }
}
